# This file was autogenerated by uv via the following command:
#    uv pip compile requirements.txt -o uv.lock
adbutils==2.12.0
    # via uiautomator2
androguard==3.3.5
    # via -r requirements.txt
asn1crypto==1.5.1
    # via androguard
asttokens==3.0.1
    # via stack-data
certifi==2025.11.12
    # via requests
charset-normalizer==3.4.4
    # via requests
click==8.3.1
    # via androguard
colorama==0.4.6
    # via
    #   androguard
    #   click
    #   ipython
contourpy==1.3.3
    # via matplotlib
cycler==0.12.1
    # via matplotlib
decorator==5.2.1
    # via
    #   ipython
    #   retry2
deprecation==2.1.0
    # via adbutils
executing==2.2.1
    # via stack-data
fonttools==4.61.1
    # via matplotlib
future==1.0.0
    # via androguard
idna==3.11
    # via requests
ipython==9.8.0
    # via androguard
ipython-pygments-lexers==1.1.1
    # via ipython
jedi==0.19.2
    # via ipython
kiwisolver==1.4.9
    # via matplotlib
lxml==6.0.2
    # via
    #   androguard
    #   uiautomator2
matplotlib==3.10.8
    # via androguard
matplotlib-inline==0.2.1
    # via ipython
networkx==3.6.1
    # via androguard
numpy==2.2.6
    # via
    #   -r requirements.txt
    #   contourpy
    #   matplotlib
    #   opencv-contrib-python
    #   opencv-python
opencv-contrib-python==4.12.0.88
    # via -r requirements.txt
opencv-python==4.12.0.88
    # via -r requirements.txt
packaging==25.0
    # via
    #   deprecation
    #   matplotlib
parso==0.8.5
    # via jedi
pillow==12.0.0
    # via
    #   adbutils
    #   matplotlib
    #   uiautomator2
prompt-toolkit==3.0.52
    # via ipython
pure-eval==0.2.3
    # via stack-data
pydot==4.0.1
    # via androguard
pygments==2.19.2
    # via
    #   androguard
    #   ipython
    #   ipython-pygments-lexers
pyparsing==3.3.1
    # via
    #   matplotlib
    #   pydot
pyperclip==1.11.0
    # via -r requirements.txt
python-dateutil==2.9.0.post0
    # via matplotlib
requests==2.32.5
    # via
    #   adbutils
    #   uiautomator2
retry2==0.9.5
    # via
    #   adbutils
    #   uiautomator2
six==1.17.0
    # via python-dateutil
stack-data==0.6.3
    # via ipython
traitlets==5.14.3
    # via
    #   ipython
    #   matplotlib-inline
typing-extensions==4.15.0
    # via ipython
uiautomator2==3.5.0
    # via -r requirements.txt
urllib3==2.6.2
    # via requests
wcwidth==0.2.14
    # via prompt-toolkit
